
Microsoft Visual Studio Solution File, Format Version 12.00
# Visual Studio Version 16
VisualStudioVersion = 16.0.31702.278
MinimumVisualStudioVersion = 10.0.40219.1
Project("{FAE04EC0-301F-11D3-BF4B-00C04F79EFBC}") = "Task1Lab6", "Task1Lab6\Task1Lab6.csproj", "{95936877-A693-4495-AC67-04F383F99E37}"
EndProject
Global
	GlobalSection(SolutionConfigurationPlatforms) = preSolution
		Debug|Any CPU = Debug|Any CPU
		Release|Any CPU = Release|Any CPU
	EndGlobalSection
	GlobalSection(ProjectConfigurationPlatforms) = postSolution
		{95936877-A693-4495-AC67-04F383F99E37}.Debug|Any CPU.ActiveCfg = Debug|Any CPU
		{95936877-A693-4495-AC67-04F383F99E37}.Debug|Any CPU.Build.0 = Debug|Any CPU
		{95936877-A693-4495-AC67-04F383F99E37}.Release|Any CPU.ActiveCfg = Release|Any CPU
		{95936877-A693-4495-AC67-04F383F99E37}.Release|Any CPU.Build.0 = Release|Any CPU
	EndGlobalSection
	GlobalSection(SolutionProperties) = preSolution
		HideSolutionNode = FALSE
	EndGlobalSection
	GlobalSection(ExtensibilityGlobals) = postSolution
		SolutionGuid = {80CFDB3D-76E3-4C8B-B55A-DCBCB424BD71}
	EndGlobalSection
EndGlobal
